// !$*UTF8*$!
{
	archiveVersion = 1;
	classes = {
	};
	objectVersion = 52;
	objects = {

/* Begin PBXBuildFile section */
		233314FC24F7D5AC00C0EA01 /* VenuePhotosService.swift in Sources */ = {isa = PBXBuildFile; fileRef = 233314FB24F7D5AC00C0EA01 /* VenuePhotosService.swift */; };
		2333150124F7D6AA00C0EA01 /* Response.swift in Sources */ = {isa = PBXBuildFile; fileRef = 2333150024F7D6AA00C0EA01 /* Response.swift */; };
		2333150624F7D8B500C0EA01 /* Photo.swift in Sources */ = {isa = PBXBuildFile; fileRef = 2333150524F7D8B500C0EA01 /* Photo.swift */; };
		2333150824F7D90B00C0EA01 /* Hours.swift in Sources */ = {isa = PBXBuildFile; fileRef = 2333150724F7D90B00C0EA01 /* Hours.swift */; };
		2333150A24F7D94D00C0EA01 /* HereNow.swift in Sources */ = {isa = PBXBuildFile; fileRef = 2333150924F7D94D00C0EA01 /* HereNow.swift */; };
		2333150E24F8287500C0EA01 /* AddressFormatter.swift in Sources */ = {isa = PBXBuildFile; fileRef = 2333150D24F8287500C0EA01 /* AddressFormatter.swift */; };
		234D0F1C24F8EEF5009F94EB /* Configurating.swift in Sources */ = {isa = PBXBuildFile; fileRef = 2362F68B24F0F82C008DACD5 /* Configurating.swift */; };
		234D0F1D24F8EF1C009F94EB /* FoursquareConfig.swift in Sources */ = {isa = PBXBuildFile; fileRef = 2362F68924F0ED87008DACD5 /* FoursquareConfig.swift */; };
		234D0F2024F8F05E009F94EB /* AnchorViewModelFactoryTest.swift in Sources */ = {isa = PBXBuildFile; fileRef = 234D0F1F24F8F05E009F94EB /* AnchorViewModelFactoryTest.swift */; };
		2362F65624F0DB94008DACD5 /* AppDelegate.swift in Sources */ = {isa = PBXBuildFile; fileRef = 2362F65524F0DB94008DACD5 /* AppDelegate.swift */; };
		2362F65824F0DB94008DACD5 /* SceneDelegate.swift in Sources */ = {isa = PBXBuildFile; fileRef = 2362F65724F0DB94008DACD5 /* SceneDelegate.swift */; };
		2362F65F24F0DB9A008DACD5 /* Assets.xcassets in Resources */ = {isa = PBXBuildFile; fileRef = 2362F65E24F0DB9A008DACD5 /* Assets.xcassets */; };
		2362F66224F0DB9A008DACD5 /* LaunchScreen.storyboard in Resources */ = {isa = PBXBuildFile; fileRef = 2362F66024F0DB9A008DACD5 /* LaunchScreen.storyboard */; };
		2362F66D24F0DB9A008DACD5 /* MappyTests.swift in Sources */ = {isa = PBXBuildFile; fileRef = 2362F66C24F0DB9A008DACD5 /* MappyTests.swift */; };
		2362F67924F0DCF6008DACD5 /* NetworkRouting.swift in Sources */ = {isa = PBXBuildFile; fileRef = 2362F67824F0DCF6008DACD5 /* NetworkRouting.swift */; };
		2362F67B24F0DD16008DACD5 /* FoursquareRoutes.swift in Sources */ = {isa = PBXBuildFile; fileRef = 2362F67A24F0DD16008DACD5 /* FoursquareRoutes.swift */; };
		2362F68024F0E04B008DACD5 /* FoursquareConfig.plist in Resources */ = {isa = PBXBuildFile; fileRef = 2362F67F24F0E04B008DACD5 /* FoursquareConfig.plist */; };
		2362F68A24F0ED87008DACD5 /* FoursquareConfig.swift in Sources */ = {isa = PBXBuildFile; fileRef = 2362F68924F0ED87008DACD5 /* FoursquareConfig.swift */; };
		2362F68C24F0F82C008DACD5 /* Configurating.swift in Sources */ = {isa = PBXBuildFile; fileRef = 2362F68B24F0F82C008DACD5 /* Configurating.swift */; };
		2362F68E24F0FD46008DACD5 /* DependecyContainer.swift in Sources */ = {isa = PBXBuildFile; fileRef = 2362F68D24F0FD46008DACD5 /* DependecyContainer.swift */; };
		2362F69024F0FF7B008DACD5 /* Networking.swift in Sources */ = {isa = PBXBuildFile; fileRef = 2362F68F24F0FF7B008DACD5 /* Networking.swift */; };
		2362F69324F10010008DACD5 /* Alamofire in Frameworks */ = {isa = PBXBuildFile; productRef = 2362F69224F10010008DACD5 /* Alamofire */; };
		2362F69524F10031008DACD5 /* AlamofireNetwork.swift in Sources */ = {isa = PBXBuildFile; fileRef = 2362F69424F10031008DACD5 /* AlamofireNetwork.swift */; };
		2362F69724F10063008DACD5 /* HTTPResponseError.swift in Sources */ = {isa = PBXBuildFile; fileRef = 2362F69624F10063008DACD5 /* HTTPResponseError.swift */; };
		2362F69A24F1011D008DACD5 /* VenueService.swift in Sources */ = {isa = PBXBuildFile; fileRef = 2362F69924F1011D008DACD5 /* VenueService.swift */; };
		2362F69E24F107B9008DACD5 /* Service.swift in Sources */ = {isa = PBXBuildFile; fileRef = 2362F69D24F107B9008DACD5 /* Service.swift */; };
		237341BB24F3E25C00DDEB36 /* Nuke in Frameworks */ = {isa = PBXBuildFile; productRef = 237341BA24F3E25C00DDEB36 /* Nuke */; };
		237341BD24F3E4AD00DDEB36 /* VenueDetailsService.swift in Sources */ = {isa = PBXBuildFile; fileRef = 237341BC24F3E4AD00DDEB36 /* VenueDetailsService.swift */; };
		237341BF24F3E52E00DDEB36 /* VenueDetailsResponse.swift in Sources */ = {isa = PBXBuildFile; fileRef = 237341BE24F3E52E00DDEB36 /* VenueDetailsResponse.swift */; };
		237341C124F3E58600DDEB36 /* ResponseKeys.swift in Sources */ = {isa = PBXBuildFile; fileRef = 237341C024F3E58600DDEB36 /* ResponseKeys.swift */; };
		237341C324F3E5AB00DDEB36 /* VenueDetails.swift in Sources */ = {isa = PBXBuildFile; fileRef = 237341C224F3E5AB00DDEB36 /* VenueDetails.swift */; };
		2391ED4E24F82AE700DE0E0F /* UIViewController+Extension.swift in Sources */ = {isa = PBXBuildFile; fileRef = 2391ED4D24F82AE700DE0E0F /* UIViewController+Extension.swift */; };
		2391ED5024F82BDA00DE0E0F /* ImageLoader.swift in Sources */ = {isa = PBXBuildFile; fileRef = 2391ED4F24F82BDA00DE0E0F /* ImageLoader.swift */; };
		2391ED5324F82DE400DE0E0F /* AddressFormatterTest.swift in Sources */ = {isa = PBXBuildFile; fileRef = 2391ED5224F82DE400DE0E0F /* AddressFormatterTest.swift */; };
		239DECA824F82FF200A981D7 /* VenueDetailsInteractorTest.swift in Sources */ = {isa = PBXBuildFile; fileRef = 239DECA724F82FF200A981D7 /* VenueDetailsInteractorTest.swift */; };
		239DECAA24F8301600A981D7 /* VenueDetailsServiceMock.swift in Sources */ = {isa = PBXBuildFile; fileRef = 239DECA924F8301600A981D7 /* VenueDetailsServiceMock.swift */; };
		239DECAD24F8E2DF00A981D7 /* FoursquareConfig.plist in Resources */ = {isa = PBXBuildFile; fileRef = 239DECAC24F8E2DF00A981D7 /* FoursquareConfig.plist */; };
		239DECAF24F8E32300A981D7 /* ConfigurationTest.swift in Sources */ = {isa = PBXBuildFile; fileRef = 239DECAE24F8E32300A981D7 /* ConfigurationTest.swift */; };
		23ACCF0A24F181E00008953A /* Venue.swift in Sources */ = {isa = PBXBuildFile; fileRef = 23ACCF0924F181E00008953A /* Venue.swift */; };
		23ACCF0C24F1822D0008953A /* Location.swift in Sources */ = {isa = PBXBuildFile; fileRef = 23ACCF0B24F1822D0008953A /* Location.swift */; };
		23ACCF1024F1833A0008953A /* VenuesResponse.swift in Sources */ = {isa = PBXBuildFile; fileRef = 23ACCF0F24F1833A0008953A /* VenuesResponse.swift */; };
		23EC762424F18B4F00925B9E /* VenueMap.storyboard in Resources */ = {isa = PBXBuildFile; fileRef = 23EC761D24F18B4F00925B9E /* VenueMap.storyboard */; };
		23EC762524F18B4F00925B9E /* VenueMapPresenter.swift in Sources */ = {isa = PBXBuildFile; fileRef = 23EC761E24F18B4F00925B9E /* VenueMapPresenter.swift */; };
		23EC762624F18B4F00925B9E /* VenueMapRouter.swift in Sources */ = {isa = PBXBuildFile; fileRef = 23EC761F24F18B4F00925B9E /* VenueMapRouter.swift */; };
		23EC762724F18B4F00925B9E /* VenueMapContracts.swift in Sources */ = {isa = PBXBuildFile; fileRef = 23EC762024F18B4F00925B9E /* VenueMapContracts.swift */; };
		23EC762824F18B4F00925B9E /* VenueMapViewController.swift in Sources */ = {isa = PBXBuildFile; fileRef = 23EC762124F18B4F00925B9E /* VenueMapViewController.swift */; };
		23EC762924F18B4F00925B9E /* VenueMapBuilder.swift in Sources */ = {isa = PBXBuildFile; fileRef = 23EC762224F18B4F00925B9E /* VenueMapBuilder.swift */; };
		23EC762A24F18B4F00925B9E /* VenueMapInteractor.swift in Sources */ = {isa = PBXBuildFile; fileRef = 23EC762324F18B4F00925B9E /* VenueMapInteractor.swift */; };
		23EC762D24F2638600925B9E /* AnchorViewModel.swift in Sources */ = {isa = PBXBuildFile; fileRef = 23EC762C24F2638600925B9E /* AnchorViewModel.swift */; };
		23EC762F24F2D90100925B9E /* AnchorViewModelFactory.swift in Sources */ = {isa = PBXBuildFile; fileRef = 23EC762E24F2D90100925B9E /* AnchorViewModelFactory.swift */; };
		23EC763224F2E02D00925B9E /* MKMapView+Extension.swift in Sources */ = {isa = PBXBuildFile; fileRef = 23EC763124F2E02D00925B9E /* MKMapView+Extension.swift */; };
		23EC763424F3046500925B9E /* LocationManager.swift in Sources */ = {isa = PBXBuildFile; fileRef = 23EC763324F3046500925B9E /* LocationManager.swift */; };
		23EC764524F3DE0E00925B9E /* VenueDetails.storyboard in Resources */ = {isa = PBXBuildFile; fileRef = 23EC763E24F3DE0E00925B9E /* VenueDetails.storyboard */; };
		23EC764624F3DE0E00925B9E /* VenueDetailsPresenter.swift in Sources */ = {isa = PBXBuildFile; fileRef = 23EC763F24F3DE0E00925B9E /* VenueDetailsPresenter.swift */; };
		23EC764724F3DE0E00925B9E /* VenueDetailsRouter.swift in Sources */ = {isa = PBXBuildFile; fileRef = 23EC764024F3DE0E00925B9E /* VenueDetailsRouter.swift */; };
		23EC764824F3DE0E00925B9E /* VenueDetailsContracts.swift in Sources */ = {isa = PBXBuildFile; fileRef = 23EC764124F3DE0E00925B9E /* VenueDetailsContracts.swift */; };
		23EC764924F3DE0E00925B9E /* VenueDetailsViewController.swift in Sources */ = {isa = PBXBuildFile; fileRef = 23EC764224F3DE0E00925B9E /* VenueDetailsViewController.swift */; };
		23EC764A24F3DE0E00925B9E /* VenueDetailsBuilder.swift in Sources */ = {isa = PBXBuildFile; fileRef = 23EC764324F3DE0E00925B9E /* VenueDetailsBuilder.swift */; };
		23EC764B24F3DE0E00925B9E /* VenueDetailsInteractor.swift in Sources */ = {isa = PBXBuildFile; fileRef = 23EC764424F3DE0E00925B9E /* VenueDetailsInteractor.swift */; };
/* End PBXBuildFile section */

/* Begin PBXContainerItemProxy section */
		2362F66924F0DB9A008DACD5 /* PBXContainerItemProxy */ = {
			isa = PBXContainerItemProxy;
			containerPortal = 2362F64A24F0DB94008DACD5 /* Project object */;
			proxyType = 1;
			remoteGlobalIDString = 2362F65124F0DB94008DACD5;
			remoteInfo = Mappy;
		};
/* End PBXContainerItemProxy section */

/* Begin PBXFileReference section */
		233314FB24F7D5AC00C0EA01 /* VenuePhotosService.swift */ = {isa = PBXFileReference; lastKnownFileType = sourcecode.swift; path = VenuePhotosService.swift; sourceTree = "<group>"; };
		2333150024F7D6AA00C0EA01 /* Response.swift */ = {isa = PBXFileReference; lastKnownFileType = sourcecode.swift; path = Response.swift; sourceTree = "<group>"; };
		2333150524F7D8B500C0EA01 /* Photo.swift */ = {isa = PBXFileReference; lastKnownFileType = sourcecode.swift; path = Photo.swift; sourceTree = "<group>"; };
		2333150724F7D90B00C0EA01 /* Hours.swift */ = {isa = PBXFileReference; lastKnownFileType = sourcecode.swift; path = Hours.swift; sourceTree = "<group>"; };
		2333150924F7D94D00C0EA01 /* HereNow.swift */ = {isa = PBXFileReference; lastKnownFileType = sourcecode.swift; path = HereNow.swift; sourceTree = "<group>"; };
		2333150D24F8287500C0EA01 /* AddressFormatter.swift */ = {isa = PBXFileReference; lastKnownFileType = sourcecode.swift; path = AddressFormatter.swift; sourceTree = "<group>"; };
		234D0F1F24F8F05E009F94EB /* AnchorViewModelFactoryTest.swift */ = {isa = PBXFileReference; lastKnownFileType = sourcecode.swift; path = AnchorViewModelFactoryTest.swift; sourceTree = "<group>"; };
		2362F65224F0DB94008DACD5 /* Mappy.app */ = {isa = PBXFileReference; explicitFileType = wrapper.application; includeInIndex = 0; path = Mappy.app; sourceTree = BUILT_PRODUCTS_DIR; };
		2362F65524F0DB94008DACD5 /* AppDelegate.swift */ = {isa = PBXFileReference; lastKnownFileType = sourcecode.swift; path = AppDelegate.swift; sourceTree = "<group>"; };
		2362F65724F0DB94008DACD5 /* SceneDelegate.swift */ = {isa = PBXFileReference; lastKnownFileType = sourcecode.swift; path = SceneDelegate.swift; sourceTree = "<group>"; };
		2362F65E24F0DB9A008DACD5 /* Assets.xcassets */ = {isa = PBXFileReference; lastKnownFileType = folder.assetcatalog; path = Assets.xcassets; sourceTree = "<group>"; };
		2362F66124F0DB9A008DACD5 /* Base */ = {isa = PBXFileReference; lastKnownFileType = file.storyboard; name = Base; path = Base.lproj/LaunchScreen.storyboard; sourceTree = "<group>"; };
		2362F66324F0DB9A008DACD5 /* Info.plist */ = {isa = PBXFileReference; lastKnownFileType = text.plist.xml; path = Info.plist; sourceTree = "<group>"; };
		2362F66824F0DB9A008DACD5 /* MappyTests.xctest */ = {isa = PBXFileReference; explicitFileType = wrapper.cfbundle; includeInIndex = 0; path = MappyTests.xctest; sourceTree = BUILT_PRODUCTS_DIR; };
		2362F66C24F0DB9A008DACD5 /* MappyTests.swift */ = {isa = PBXFileReference; lastKnownFileType = sourcecode.swift; path = MappyTests.swift; sourceTree = "<group>"; };
		2362F66E24F0DB9A008DACD5 /* Info.plist */ = {isa = PBXFileReference; lastKnownFileType = text.plist.xml; path = Info.plist; sourceTree = "<group>"; };
		2362F67824F0DCF6008DACD5 /* NetworkRouting.swift */ = {isa = PBXFileReference; lastKnownFileType = sourcecode.swift; path = NetworkRouting.swift; sourceTree = "<group>"; };
		2362F67A24F0DD16008DACD5 /* FoursquareRoutes.swift */ = {isa = PBXFileReference; lastKnownFileType = sourcecode.swift; path = FoursquareRoutes.swift; sourceTree = "<group>"; };
		2362F67F24F0E04B008DACD5 /* FoursquareConfig.plist */ = {isa = PBXFileReference; lastKnownFileType = text.plist.xml; path = FoursquareConfig.plist; sourceTree = "<group>"; };
		2362F68924F0ED87008DACD5 /* FoursquareConfig.swift */ = {isa = PBXFileReference; lastKnownFileType = sourcecode.swift; path = FoursquareConfig.swift; sourceTree = "<group>"; };
		2362F68B24F0F82C008DACD5 /* Configurating.swift */ = {isa = PBXFileReference; lastKnownFileType = sourcecode.swift; path = Configurating.swift; sourceTree = "<group>"; };
		2362F68D24F0FD46008DACD5 /* DependecyContainer.swift */ = {isa = PBXFileReference; lastKnownFileType = sourcecode.swift; path = DependecyContainer.swift; sourceTree = "<group>"; };
		2362F68F24F0FF7B008DACD5 /* Networking.swift */ = {isa = PBXFileReference; lastKnownFileType = sourcecode.swift; path = Networking.swift; sourceTree = "<group>"; };
		2362F69424F10031008DACD5 /* AlamofireNetwork.swift */ = {isa = PBXFileReference; lastKnownFileType = sourcecode.swift; path = AlamofireNetwork.swift; sourceTree = "<group>"; };
		2362F69624F10063008DACD5 /* HTTPResponseError.swift */ = {isa = PBXFileReference; lastKnownFileType = sourcecode.swift; path = HTTPResponseError.swift; sourceTree = "<group>"; };
		2362F69924F1011D008DACD5 /* VenueService.swift */ = {isa = PBXFileReference; lastKnownFileType = sourcecode.swift; path = VenueService.swift; sourceTree = "<group>"; };
		2362F69D24F107B9008DACD5 /* Service.swift */ = {isa = PBXFileReference; lastKnownFileType = sourcecode.swift; path = Service.swift; sourceTree = "<group>"; };
		237341BC24F3E4AD00DDEB36 /* VenueDetailsService.swift */ = {isa = PBXFileReference; lastKnownFileType = sourcecode.swift; path = VenueDetailsService.swift; sourceTree = "<group>"; };
		237341BE24F3E52E00DDEB36 /* VenueDetailsResponse.swift */ = {isa = PBXFileReference; lastKnownFileType = sourcecode.swift; path = VenueDetailsResponse.swift; sourceTree = "<group>"; };
		237341C024F3E58600DDEB36 /* ResponseKeys.swift */ = {isa = PBXFileReference; lastKnownFileType = sourcecode.swift; path = ResponseKeys.swift; sourceTree = "<group>"; };
		237341C224F3E5AB00DDEB36 /* VenueDetails.swift */ = {isa = PBXFileReference; lastKnownFileType = sourcecode.swift; path = VenueDetails.swift; sourceTree = "<group>"; };
		2391ED4D24F82AE700DE0E0F /* UIViewController+Extension.swift */ = {isa = PBXFileReference; lastKnownFileType = sourcecode.swift; path = "UIViewController+Extension.swift"; sourceTree = "<group>"; };
		2391ED4F24F82BDA00DE0E0F /* ImageLoader.swift */ = {isa = PBXFileReference; lastKnownFileType = sourcecode.swift; path = ImageLoader.swift; sourceTree = "<group>"; };
		2391ED5224F82DE400DE0E0F /* AddressFormatterTest.swift */ = {isa = PBXFileReference; lastKnownFileType = sourcecode.swift; path = AddressFormatterTest.swift; sourceTree = "<group>"; };
		239DECA724F82FF200A981D7 /* VenueDetailsInteractorTest.swift */ = {isa = PBXFileReference; lastKnownFileType = sourcecode.swift; path = VenueDetailsInteractorTest.swift; sourceTree = "<group>"; };
		239DECA924F8301600A981D7 /* VenueDetailsServiceMock.swift */ = {isa = PBXFileReference; lastKnownFileType = sourcecode.swift; path = VenueDetailsServiceMock.swift; sourceTree = "<group>"; };
		239DECAC24F8E2DF00A981D7 /* FoursquareConfig.plist */ = {isa = PBXFileReference; lastKnownFileType = text.plist.xml; path = FoursquareConfig.plist; sourceTree = "<group>"; };
		239DECAE24F8E32300A981D7 /* ConfigurationTest.swift */ = {isa = PBXFileReference; lastKnownFileType = sourcecode.swift; path = ConfigurationTest.swift; sourceTree = "<group>"; };
		23ACCF0924F181E00008953A /* Venue.swift */ = {isa = PBXFileReference; lastKnownFileType = sourcecode.swift; path = Venue.swift; sourceTree = "<group>"; };
		23ACCF0B24F1822D0008953A /* Location.swift */ = {isa = PBXFileReference; lastKnownFileType = sourcecode.swift; path = Location.swift; sourceTree = "<group>"; };
		23ACCF0F24F1833A0008953A /* VenuesResponse.swift */ = {isa = PBXFileReference; lastKnownFileType = sourcecode.swift; path = VenuesResponse.swift; sourceTree = "<group>"; };
		23EC761D24F18B4F00925B9E /* VenueMap.storyboard */ = {isa = PBXFileReference; lastKnownFileType = file.storyboard; path = VenueMap.storyboard; sourceTree = "<group>"; };
		23EC761E24F18B4F00925B9E /* VenueMapPresenter.swift */ = {isa = PBXFileReference; lastKnownFileType = sourcecode.swift; path = VenueMapPresenter.swift; sourceTree = "<group>"; };
		23EC761F24F18B4F00925B9E /* VenueMapRouter.swift */ = {isa = PBXFileReference; lastKnownFileType = sourcecode.swift; path = VenueMapRouter.swift; sourceTree = "<group>"; };
		23EC762024F18B4F00925B9E /* VenueMapContracts.swift */ = {isa = PBXFileReference; lastKnownFileType = sourcecode.swift; path = VenueMapContracts.swift; sourceTree = "<group>"; };
		23EC762124F18B4F00925B9E /* VenueMapViewController.swift */ = {isa = PBXFileReference; lastKnownFileType = sourcecode.swift; path = VenueMapViewController.swift; sourceTree = "<group>"; };
		23EC762224F18B4F00925B9E /* VenueMapBuilder.swift */ = {isa = PBXFileReference; lastKnownFileType = sourcecode.swift; path = VenueMapBuilder.swift; sourceTree = "<group>"; };
		23EC762324F18B4F00925B9E /* VenueMapInteractor.swift */ = {isa = PBXFileReference; lastKnownFileType = sourcecode.swift; path = VenueMapInteractor.swift; sourceTree = "<group>"; };
		23EC762C24F2638600925B9E /* AnchorViewModel.swift */ = {isa = PBXFileReference; lastKnownFileType = sourcecode.swift; path = AnchorViewModel.swift; sourceTree = "<group>"; };
		23EC762E24F2D90100925B9E /* AnchorViewModelFactory.swift */ = {isa = PBXFileReference; lastKnownFileType = sourcecode.swift; path = AnchorViewModelFactory.swift; sourceTree = "<group>"; };
		23EC763124F2E02D00925B9E /* MKMapView+Extension.swift */ = {isa = PBXFileReference; lastKnownFileType = sourcecode.swift; path = "MKMapView+Extension.swift"; sourceTree = "<group>"; };
		23EC763324F3046500925B9E /* LocationManager.swift */ = {isa = PBXFileReference; lastKnownFileType = sourcecode.swift; path = LocationManager.swift; sourceTree = "<group>"; };
		23EC763E24F3DE0E00925B9E /* VenueDetails.storyboard */ = {isa = PBXFileReference; lastKnownFileType = file.storyboard; path = VenueDetails.storyboard; sourceTree = "<group>"; };
		23EC763F24F3DE0E00925B9E /* VenueDetailsPresenter.swift */ = {isa = PBXFileReference; lastKnownFileType = sourcecode.swift; path = VenueDetailsPresenter.swift; sourceTree = "<group>"; };
		23EC764024F3DE0E00925B9E /* VenueDetailsRouter.swift */ = {isa = PBXFileReference; lastKnownFileType = sourcecode.swift; path = VenueDetailsRouter.swift; sourceTree = "<group>"; };
		23EC764124F3DE0E00925B9E /* VenueDetailsContracts.swift */ = {isa = PBXFileReference; lastKnownFileType = sourcecode.swift; path = VenueDetailsContracts.swift; sourceTree = "<group>"; };
		23EC764224F3DE0E00925B9E /* VenueDetailsViewController.swift */ = {isa = PBXFileReference; lastKnownFileType = sourcecode.swift; path = VenueDetailsViewController.swift; sourceTree = "<group>"; };
		23EC764324F3DE0E00925B9E /* VenueDetailsBuilder.swift */ = {isa = PBXFileReference; lastKnownFileType = sourcecode.swift; path = VenueDetailsBuilder.swift; sourceTree = "<group>"; };
		23EC764424F3DE0E00925B9E /* VenueDetailsInteractor.swift */ = {isa = PBXFileReference; lastKnownFileType = sourcecode.swift; path = VenueDetailsInteractor.swift; sourceTree = "<group>"; };
/* End PBXFileReference section */

/* Begin PBXFrameworksBuildPhase section */
		2362F64F24F0DB94008DACD5 /* Frameworks */ = {
			isa = PBXFrameworksBuildPhase;
			buildActionMask = 2147483647;
			files = (
				2362F69324F10010008DACD5 /* Alamofire in Frameworks */,
				237341BB24F3E25C00DDEB36 /* Nuke in Frameworks */,
			);
			runOnlyForDeploymentPostprocessing = 0;
		};
		2362F66524F0DB9A008DACD5 /* Frameworks */ = {
			isa = PBXFrameworksBuildPhase;
			buildActionMask = 2147483647;
			files = (
			);
			runOnlyForDeploymentPostprocessing = 0;
		};
/* End PBXFrameworksBuildPhase section */

/* Begin PBXGroup section */
		233314F924F7D2D700C0EA01 /* VenueDetails */ = {
			isa = PBXGroup;
			children = (
				237341BE24F3E52E00DDEB36 /* VenueDetailsResponse.swift */,
				237341C224F3E5AB00DDEB36 /* VenueDetails.swift */,
				2333150524F7D8B500C0EA01 /* Photo.swift */,
				2333150724F7D90B00C0EA01 /* Hours.swift */,
				2333150924F7D94D00C0EA01 /* HereNow.swift */,
			);
			path = VenueDetails;
			sourceTree = "<group>";
		};
		233314FA24F7D2EC00C0EA01 /* Venues */ = {
			isa = PBXGroup;
			children = (
				23ACCF0F24F1833A0008953A /* VenuesResponse.swift */,
				23ACCF0924F181E00008953A /* Venue.swift */,
			);
			path = Venues;
			sourceTree = "<group>";
		};
		2333150F24F828A900C0EA01 /* Formatter */ = {
			isa = PBXGroup;
			children = (
				2333150D24F8287500C0EA01 /* AddressFormatter.swift */,
			);
			path = Formatter;
			sourceTree = "<group>";
		};
		234D0F1E24F8F044009F94EB /* VenueMap */ = {
			isa = PBXGroup;
			children = (
				234D0F1F24F8F05E009F94EB /* AnchorViewModelFactoryTest.swift */,
			);
			path = VenueMap;
			sourceTree = "<group>";
		};
		2362F64924F0DB94008DACD5 = {
			isa = PBXGroup;
			children = (
				2362F65424F0DB94008DACD5 /* Mappy */,
				2362F66B24F0DB9A008DACD5 /* MappyTests */,
				2362F65324F0DB94008DACD5 /* Products */,
			);
			sourceTree = "<group>";
		};
		2362F65324F0DB94008DACD5 /* Products */ = {
			isa = PBXGroup;
			children = (
				2362F65224F0DB94008DACD5 /* Mappy.app */,
				2362F66824F0DB9A008DACD5 /* MappyTests.xctest */,
			);
			name = Products;
			sourceTree = "<group>";
		};
		2362F65424F0DB94008DACD5 /* Mappy */ = {
			isa = PBXGroup;
			children = (
				2362F67E24F0E02E008DACD5 /* Configuration */,
				2362F67724F0DC95008DACD5 /* Network */,
				2362F69824F100F2008DACD5 /* Services */,
				23ACCF0824F181D00008953A /* Models */,
				23EC764C24F3DE1300925B9E /* Scenes */,
				23EC763024F2E00B00925B9E /* Extension */,
				2362F68124F0E123008DACD5 /* Utils */,
				2362F65524F0DB94008DACD5 /* AppDelegate.swift */,
				2362F65724F0DB94008DACD5 /* SceneDelegate.swift */,
				2362F65E24F0DB9A008DACD5 /* Assets.xcassets */,
				2362F66024F0DB9A008DACD5 /* LaunchScreen.storyboard */,
				2362F66324F0DB9A008DACD5 /* Info.plist */,
				2362F68D24F0FD46008DACD5 /* DependecyContainer.swift */,
				23EC763324F3046500925B9E /* LocationManager.swift */,
			);
			path = Mappy;
			sourceTree = "<group>";
		};
		2362F66B24F0DB9A008DACD5 /* MappyTests */ = {
			isa = PBXGroup;
			children = (
				239DECAB24F8E2B600A981D7 /* Configuration */,
				234D0F1E24F8F044009F94EB /* VenueMap */,
				2391ED5124F82DC700DE0E0F /* VenueDetails */,
				2362F66C24F0DB9A008DACD5 /* MappyTests.swift */,
				2362F66E24F0DB9A008DACD5 /* Info.plist */,
			);
			path = MappyTests;
			sourceTree = "<group>";
		};
		2362F67724F0DC95008DACD5 /* Network */ = {
			isa = PBXGroup;
			children = (
				2362F67C24F0DD19008DACD5 /* NetworkRoutes */,
				2362F68F24F0FF7B008DACD5 /* Networking.swift */,
				2362F69424F10031008DACD5 /* AlamofireNetwork.swift */,
				2362F69624F10063008DACD5 /* HTTPResponseError.swift */,
			);
			path = Network;
			sourceTree = "<group>";
		};
		2362F67C24F0DD19008DACD5 /* NetworkRoutes */ = {
			isa = PBXGroup;
			children = (
				2362F67824F0DCF6008DACD5 /* NetworkRouting.swift */,
				2362F67A24F0DD16008DACD5 /* FoursquareRoutes.swift */,
			);
			path = NetworkRoutes;
			sourceTree = "<group>";
		};
		2362F67E24F0E02E008DACD5 /* Configuration */ = {
			isa = PBXGroup;
			children = (
				2362F68824F0ED79008DACD5 /* Models */,
				2362F67F24F0E04B008DACD5 /* FoursquareConfig.plist */,
			);
			path = Configuration;
			sourceTree = "<group>";
		};
		2362F68124F0E123008DACD5 /* Utils */ = {
			isa = PBXGroup;
			children = (
				2391ED4F24F82BDA00DE0E0F /* ImageLoader.swift */,
			);
			path = Utils;
			sourceTree = "<group>";
		};
		2362F68824F0ED79008DACD5 /* Models */ = {
			isa = PBXGroup;
			children = (
				2362F68924F0ED87008DACD5 /* FoursquareConfig.swift */,
				2362F68B24F0F82C008DACD5 /* Configurating.swift */,
			);
			path = Models;
			sourceTree = "<group>";
		};
		2362F69824F100F2008DACD5 /* Services */ = {
			isa = PBXGroup;
			children = (
				2362F69D24F107B9008DACD5 /* Service.swift */,
				2362F69924F1011D008DACD5 /* VenueService.swift */,
				237341BC24F3E4AD00DDEB36 /* VenueDetailsService.swift */,
				233314FB24F7D5AC00C0EA01 /* VenuePhotosService.swift */,
			);
			path = Services;
			sourceTree = "<group>";
		};
		2391ED5124F82DC700DE0E0F /* VenueDetails */ = {
			isa = PBXGroup;
			children = (
				239DECA724F82FF200A981D7 /* VenueDetailsInteractorTest.swift */,
				2391ED5524F82DF500DE0E0F /* Formatters */,
				2391ED5424F82DF000DE0E0F /* Mocks */,
			);
			path = VenueDetails;
			sourceTree = "<group>";
		};
		2391ED5424F82DF000DE0E0F /* Mocks */ = {
			isa = PBXGroup;
			children = (
				239DECA924F8301600A981D7 /* VenueDetailsServiceMock.swift */,
			);
			path = Mocks;
			sourceTree = "<group>";
		};
		2391ED5524F82DF500DE0E0F /* Formatters */ = {
			isa = PBXGroup;
			children = (
				2391ED5224F82DE400DE0E0F /* AddressFormatterTest.swift */,
			);
			path = Formatters;
			sourceTree = "<group>";
		};
		239DECAB24F8E2B600A981D7 /* Configuration */ = {
			isa = PBXGroup;
			children = (
				239DECAC24F8E2DF00A981D7 /* FoursquareConfig.plist */,
				239DECAE24F8E32300A981D7 /* ConfigurationTest.swift */,
			);
			path = Configuration;
			sourceTree = "<group>";
		};
		23ACCF0824F181D00008953A /* Models */ = {
			isa = PBXGroup;
			children = (
				237341C024F3E58600DDEB36 /* ResponseKeys.swift */,
				23ACCF0B24F1822D0008953A /* Location.swift */,
				233314FA24F7D2EC00C0EA01 /* Venues */,
				233314F924F7D2D700C0EA01 /* VenueDetails */,
				2333150024F7D6AA00C0EA01 /* Response.swift */,
			);
			path = Models;
			sourceTree = "<group>";
		};
		23ACCF1124F18AB20008953A /* VenueMapScene */ = {
			isa = PBXGroup;
			children = (
				23EC761D24F18B4F00925B9E /* VenueMap.storyboard */,
				23EC761E24F18B4F00925B9E /* VenueMapPresenter.swift */,
				23EC761F24F18B4F00925B9E /* VenueMapRouter.swift */,
				23EC762024F18B4F00925B9E /* VenueMapContracts.swift */,
				23EC762124F18B4F00925B9E /* VenueMapViewController.swift */,
				23EC762224F18B4F00925B9E /* VenueMapBuilder.swift */,
				23EC762324F18B4F00925B9E /* VenueMapInteractor.swift */,
				23EC762C24F2638600925B9E /* AnchorViewModel.swift */,
				23EC762E24F2D90100925B9E /* AnchorViewModelFactory.swift */,
			);
			path = VenueMapScene;
			sourceTree = "<group>";
		};
		23EC763024F2E00B00925B9E /* Extension */ = {
			isa = PBXGroup;
			children = (
				23EC763124F2E02D00925B9E /* MKMapView+Extension.swift */,
				2391ED4D24F82AE700DE0E0F /* UIViewController+Extension.swift */,
			);
			path = Extension;
			sourceTree = "<group>";
		};
		23EC763D24F3DDC800925B9E /* VenueDetailsScene */ = {
			isa = PBXGroup;
			children = (
				2333150F24F828A900C0EA01 /* Formatter */,
				23EC763E24F3DE0E00925B9E /* VenueDetails.storyboard */,
				23EC763F24F3DE0E00925B9E /* VenueDetailsPresenter.swift */,
				23EC764024F3DE0E00925B9E /* VenueDetailsRouter.swift */,
				23EC764124F3DE0E00925B9E /* VenueDetailsContracts.swift */,
				23EC764224F3DE0E00925B9E /* VenueDetailsViewController.swift */,
				23EC764324F3DE0E00925B9E /* VenueDetailsBuilder.swift */,
				23EC764424F3DE0E00925B9E /* VenueDetailsInteractor.swift */,
			);
			path = VenueDetailsScene;
			sourceTree = "<group>";
		};
		23EC764C24F3DE1300925B9E /* Scenes */ = {
			isa = PBXGroup;
			children = (
				23ACCF1124F18AB20008953A /* VenueMapScene */,
				23EC763D24F3DDC800925B9E /* VenueDetailsScene */,
			);
			path = Scenes;
			sourceTree = "<group>";
		};
/* End PBXGroup section */

/* Begin PBXNativeTarget section */
		2362F65124F0DB94008DACD5 /* Mappy */ = {
			isa = PBXNativeTarget;
			buildConfigurationList = 2362F67124F0DB9A008DACD5 /* Build configuration list for PBXNativeTarget "Mappy" */;
			buildPhases = (
				2362F64E24F0DB94008DACD5 /* Sources */,
				2362F64F24F0DB94008DACD5 /* Frameworks */,
				2362F65024F0DB94008DACD5 /* Resources */,
			);
			buildRules = (
			);
			dependencies = (
			);
			name = Mappy;
			packageProductDependencies = (
				2362F69224F10010008DACD5 /* Alamofire */,
				237341BA24F3E25C00DDEB36 /* Nuke */,
			);
			productName = Mappy;
			productReference = 2362F65224F0DB94008DACD5 /* Mappy.app */;
			productType = "com.apple.product-type.application";
		};
		2362F66724F0DB9A008DACD5 /* MappyTests */ = {
			isa = PBXNativeTarget;
			buildConfigurationList = 2362F67424F0DB9A008DACD5 /* Build configuration list for PBXNativeTarget "MappyTests" */;
			buildPhases = (
				2362F66424F0DB9A008DACD5 /* Sources */,
				2362F66524F0DB9A008DACD5 /* Frameworks */,
				2362F66624F0DB9A008DACD5 /* Resources */,
			);
			buildRules = (
			);
			dependencies = (
				2362F66A24F0DB9A008DACD5 /* PBXTargetDependency */,
			);
			name = MappyTests;
			productName = MappyTests;
			productReference = 2362F66824F0DB9A008DACD5 /* MappyTests.xctest */;
			productType = "com.apple.product-type.bundle.unit-test";
		};
/* End PBXNativeTarget section */

/* Begin PBXProject section */
		2362F64A24F0DB94008DACD5 /* Project object */ = {
			isa = PBXProject;
			attributes = {
				LastSwiftUpdateCheck = 1160;
				LastUpgradeCheck = 1160;
				ORGANIZATIONNAME = "Gungor Basa";
				TargetAttributes = {
					2362F65124F0DB94008DACD5 = {
						CreatedOnToolsVersion = 11.6;
					};
					2362F66724F0DB9A008DACD5 = {
						CreatedOnToolsVersion = 11.6;
						TestTargetID = 2362F65124F0DB94008DACD5;
					};
				};
			};
			buildConfigurationList = 2362F64D24F0DB94008DACD5 /* Build configuration list for PBXProject "Mappy" */;
			compatibilityVersion = "Xcode 9.3";
			developmentRegion = en;
			hasScannedForEncodings = 0;
			knownRegions = (
				en,
				Base,
			);
			mainGroup = 2362F64924F0DB94008DACD5;
			packageReferences = (
				2362F69124F10010008DACD5 /* XCRemoteSwiftPackageReference "Alamofire" */,
				237341B924F3E25C00DDEB36 /* XCRemoteSwiftPackageReference "Nuke" */,
			);
			productRefGroup = 2362F65324F0DB94008DACD5 /* Products */;
			projectDirPath = "";
			projectRoot = "";
			targets = (
				2362F65124F0DB94008DACD5 /* Mappy */,
				2362F66724F0DB9A008DACD5 /* MappyTests */,
			);
		};
/* End PBXProject section */

/* Begin PBXResourcesBuildPhase section */
		2362F65024F0DB94008DACD5 /* Resources */ = {
			isa = PBXResourcesBuildPhase;
			buildActionMask = 2147483647;
			files = (
				2362F66224F0DB9A008DACD5 /* LaunchScreen.storyboard in Resources */,
				23EC762424F18B4F00925B9E /* VenueMap.storyboard in Resources */,
				2362F65F24F0DB9A008DACD5 /* Assets.xcassets in Resources */,
				2362F68024F0E04B008DACD5 /* FoursquareConfig.plist in Resources */,
				23EC764524F3DE0E00925B9E /* VenueDetails.storyboard in Resources */,
			);
			runOnlyForDeploymentPostprocessing = 0;
		};
		2362F66624F0DB9A008DACD5 /* Resources */ = {
			isa = PBXResourcesBuildPhase;
			buildActionMask = 2147483647;
			files = (
				239DECAD24F8E2DF00A981D7 /* FoursquareConfig.plist in Resources */,
			);
			runOnlyForDeploymentPostprocessing = 0;
		};
/* End PBXResourcesBuildPhase section */

/* Begin PBXSourcesBuildPhase section */
		2362F64E24F0DB94008DACD5 /* Sources */ = {
			isa = PBXSourcesBuildPhase;
			buildActionMask = 2147483647;
			files = (
				2362F69E24F107B9008DACD5 /* Service.swift in Sources */,
				2333150824F7D90B00C0EA01 /* Hours.swift in Sources */,
				23EC762924F18B4F00925B9E /* VenueMapBuilder.swift in Sources */,
				23EC763424F3046500925B9E /* LocationManager.swift in Sources */,
				2362F69524F10031008DACD5 /* AlamofireNetwork.swift in Sources */,
				23EC762D24F2638600925B9E /* AnchorViewModel.swift in Sources */,
				23ACCF0A24F181E00008953A /* Venue.swift in Sources */,
				237341BF24F3E52E00DDEB36 /* VenueDetailsResponse.swift in Sources */,
				2333150A24F7D94D00C0EA01 /* HereNow.swift in Sources */,
				23EC762A24F18B4F00925B9E /* VenueMapInteractor.swift in Sources */,
				2362F68C24F0F82C008DACD5 /* Configurating.swift in Sources */,
				2362F67924F0DCF6008DACD5 /* NetworkRouting.swift in Sources */,
				2362F69024F0FF7B008DACD5 /* Networking.swift in Sources */,
				23ACCF0C24F1822D0008953A /* Location.swift in Sources */,
				2333150624F7D8B500C0EA01 /* Photo.swift in Sources */,
				2362F68A24F0ED87008DACD5 /* FoursquareConfig.swift in Sources */,
				2391ED4E24F82AE700DE0E0F /* UIViewController+Extension.swift in Sources */,
				237341C324F3E5AB00DDEB36 /* VenueDetails.swift in Sources */,
				2362F65624F0DB94008DACD5 /* AppDelegate.swift in Sources */,
				23EC762724F18B4F00925B9E /* VenueMapContracts.swift in Sources */,
				237341BD24F3E4AD00DDEB36 /* VenueDetailsService.swift in Sources */,
				23EC763224F2E02D00925B9E /* MKMapView+Extension.swift in Sources */,
				23EC764624F3DE0E00925B9E /* VenueDetailsPresenter.swift in Sources */,
				23EC764824F3DE0E00925B9E /* VenueDetailsContracts.swift in Sources */,
				2333150E24F8287500C0EA01 /* AddressFormatter.swift in Sources */,
				233314FC24F7D5AC00C0EA01 /* VenuePhotosService.swift in Sources */,
				23EC762F24F2D90100925B9E /* AnchorViewModelFactory.swift in Sources */,
				23EC764B24F3DE0E00925B9E /* VenueDetailsInteractor.swift in Sources */,
				2333150124F7D6AA00C0EA01 /* Response.swift in Sources */,
				23EC764A24F3DE0E00925B9E /* VenueDetailsBuilder.swift in Sources */,
				23EC762524F18B4F00925B9E /* VenueMapPresenter.swift in Sources */,
				23EC762624F18B4F00925B9E /* VenueMapRouter.swift in Sources */,
				2362F69724F10063008DACD5 /* HTTPResponseError.swift in Sources */,
				2362F65824F0DB94008DACD5 /* SceneDelegate.swift in Sources */,
				23ACCF1024F1833A0008953A /* VenuesResponse.swift in Sources */,
				23EC764724F3DE0E00925B9E /* VenueDetailsRouter.swift in Sources */,
				2362F69A24F1011D008DACD5 /* VenueService.swift in Sources */,
				2391ED5024F82BDA00DE0E0F /* ImageLoader.swift in Sources */,
				2362F67B24F0DD16008DACD5 /* FoursquareRoutes.swift in Sources */,
				2362F68E24F0FD46008DACD5 /* DependecyContainer.swift in Sources */,
				23EC764924F3DE0E00925B9E /* VenueDetailsViewController.swift in Sources */,
				237341C124F3E58600DDEB36 /* ResponseKeys.swift in Sources */,
				23EC762824F18B4F00925B9E /* VenueMapViewController.swift in Sources */,
			);
			runOnlyForDeploymentPostprocessing = 0;
		};
		2362F66424F0DB9A008DACD5 /* Sources */ = {
			isa = PBXSourcesBuildPhase;
			buildActionMask = 2147483647;
			files = (
				234D0F1C24F8EEF5009F94EB /* Configurating.swift in Sources */,
				239DECAA24F8301600A981D7 /* VenueDetailsServiceMock.swift in Sources */,
				2362F66D24F0DB9A008DACD5 /* MappyTests.swift in Sources */,
				234D0F1D24F8EF1C009F94EB /* FoursquareConfig.swift in Sources */,
				234D0F2024F8F05E009F94EB /* AnchorViewModelFactoryTest.swift in Sources */,
				239DECAF24F8E32300A981D7 /* ConfigurationTest.swift in Sources */,
				239DECA824F82FF200A981D7 /* VenueDetailsInteractorTest.swift in Sources */,
				2391ED5324F82DE400DE0E0F /* AddressFormatterTest.swift in Sources */,
			);
			runOnlyForDeploymentPostprocessing = 0;
		};
/* End PBXSourcesBuildPhase section */

/* Begin PBXTargetDependency section */
		2362F66A24F0DB9A008DACD5 /* PBXTargetDependency */ = {
			isa = PBXTargetDependency;
			target = 2362F65124F0DB94008DACD5 /* Mappy */;
			targetProxy = 2362F66924F0DB9A008DACD5 /* PBXContainerItemProxy */;
		};
/* End PBXTargetDependency section */

/* Begin PBXVariantGroup section */
		2362F66024F0DB9A008DACD5 /* LaunchScreen.storyboard */ = {
			isa = PBXVariantGroup;
			children = (
				2362F66124F0DB9A008DACD5 /* Base */,
			);
			name = LaunchScreen.storyboard;
			sourceTree = "<group>";
		};
/* End PBXVariantGroup section */

/* Begin XCBuildConfiguration section */
		2362F66F24F0DB9A008DACD5 /* Debug */ = {
			isa = XCBuildConfiguration;
			buildSettings = {
				ALWAYS_SEARCH_USER_PATHS = NO;
				CLANG_ANALYZER_NONNULL = YES;
				CLANG_ANALYZER_NUMBER_OBJECT_CONVERSION = YES_AGGRESSIVE;
				CLANG_CXX_LANGUAGE_STANDARD = "gnu++14";
				CLANG_CXX_LIBRARY = "libc++";
				CLANG_ENABLE_MODULES = YES;
				CLANG_ENABLE_OBJC_ARC = YES;
				CLANG_ENABLE_OBJC_WEAK = YES;
				CLANG_WARN_BLOCK_CAPTURE_AUTORELEASING = YES;
				CLANG_WARN_BOOL_CONVERSION = YES;
				CLANG_WARN_COMMA = YES;
				CLANG_WARN_CONSTANT_CONVERSION = YES;
				CLANG_WARN_DEPRECATED_OBJC_IMPLEMENTATIONS = YES;
				CLANG_WARN_DIRECT_OBJC_ISA_USAGE = YES_ERROR;
				CLANG_WARN_DOCUMENTATION_COMMENTS = YES;
				CLANG_WARN_EMPTY_BODY = YES;
				CLANG_WARN_ENUM_CONVERSION = YES;
				CLANG_WARN_INFINITE_RECURSION = YES;
				CLANG_WARN_INT_CONVERSION = YES;
				CLANG_WARN_NON_LITERAL_NULL_CONVERSION = YES;
				CLANG_WARN_OBJC_IMPLICIT_RETAIN_SELF = YES;
				CLANG_WARN_OBJC_LITERAL_CONVERSION = YES;
				CLANG_WARN_OBJC_ROOT_CLASS = YES_ERROR;
				CLANG_WARN_RANGE_LOOP_ANALYSIS = YES;
				CLANG_WARN_STRICT_PROTOTYPES = YES;
				CLANG_WARN_SUSPICIOUS_MOVE = YES;
				CLANG_WARN_UNGUARDED_AVAILABILITY = YES_AGGRESSIVE;
				CLANG_WARN_UNREACHABLE_CODE = YES;
				CLANG_WARN__DUPLICATE_METHOD_MATCH = YES;
				COPY_PHASE_STRIP = NO;
				DEBUG_INFORMATION_FORMAT = dwarf;
				ENABLE_STRICT_OBJC_MSGSEND = YES;
				ENABLE_TESTABILITY = YES;
				GCC_C_LANGUAGE_STANDARD = gnu11;
				GCC_DYNAMIC_NO_PIC = NO;
				GCC_NO_COMMON_BLOCKS = YES;
				GCC_OPTIMIZATION_LEVEL = 0;
				GCC_PREPROCESSOR_DEFINITIONS = (
					"DEBUG=1",
					"$(inherited)",
				);
				GCC_WARN_64_TO_32_BIT_CONVERSION = YES;
				GCC_WARN_ABOUT_RETURN_TYPE = YES_ERROR;
				GCC_WARN_UNDECLARED_SELECTOR = YES;
				GCC_WARN_UNINITIALIZED_AUTOS = YES_AGGRESSIVE;
				GCC_WARN_UNUSED_FUNCTION = YES;
				GCC_WARN_UNUSED_VARIABLE = YES;
				IPHONEOS_DEPLOYMENT_TARGET = 13.6;
				MTL_ENABLE_DEBUG_INFO = INCLUDE_SOURCE;
				MTL_FAST_MATH = YES;
				ONLY_ACTIVE_ARCH = YES;
				SDKROOT = iphoneos;
				SWIFT_ACTIVE_COMPILATION_CONDITIONS = DEBUG;
				SWIFT_OPTIMIZATION_LEVEL = "-Onone";
			};
			name = Debug;
		};
		2362F67024F0DB9A008DACD5 /* Release */ = {
			isa = XCBuildConfiguration;
			buildSettings = {
				ALWAYS_SEARCH_USER_PATHS = NO;
				CLANG_ANALYZER_NONNULL = YES;
				CLANG_ANALYZER_NUMBER_OBJECT_CONVERSION = YES_AGGRESSIVE;
				CLANG_CXX_LANGUAGE_STANDARD = "gnu++14";
				CLANG_CXX_LIBRARY = "libc++";
				CLANG_ENABLE_MODULES = YES;
				CLANG_ENABLE_OBJC_ARC = YES;
				CLANG_ENABLE_OBJC_WEAK = YES;
				CLANG_WARN_BLOCK_CAPTURE_AUTORELEASING = YES;
				CLANG_WARN_BOOL_CONVERSION = YES;
				CLANG_WARN_COMMA = YES;
				CLANG_WARN_CONSTANT_CONVERSION = YES;
				CLANG_WARN_DEPRECATED_OBJC_IMPLEMENTATIONS = YES;
				CLANG_WARN_DIRECT_OBJC_ISA_USAGE = YES_ERROR;
				CLANG_WARN_DOCUMENTATION_COMMENTS = YES;
				CLANG_WARN_EMPTY_BODY = YES;
				CLANG_WARN_ENUM_CONVERSION = YES;
				CLANG_WARN_INFINITE_RECURSION = YES;
				CLANG_WARN_INT_CONVERSION = YES;
				CLANG_WARN_NON_LITERAL_NULL_CONVERSION = YES;
				CLANG_WARN_OBJC_IMPLICIT_RETAIN_SELF = YES;
				CLANG_WARN_OBJC_LITERAL_CONVERSION = YES;
				CLANG_WARN_OBJC_ROOT_CLASS = YES_ERROR;
				CLANG_WARN_RANGE_LOOP_ANALYSIS = YES;
				CLANG_WARN_STRICT_PROTOTYPES = YES;
				CLANG_WARN_SUSPICIOUS_MOVE = YES;
				CLANG_WARN_UNGUARDED_AVAILABILITY = YES_AGGRESSIVE;
				CLANG_WARN_UNREACHABLE_CODE = YES;
				CLANG_WARN__DUPLICATE_METHOD_MATCH = YES;
				COPY_PHASE_STRIP = NO;
				DEBUG_INFORMATION_FORMAT = "dwarf-with-dsym";
				ENABLE_NS_ASSERTIONS = NO;
				ENABLE_STRICT_OBJC_MSGSEND = YES;
				GCC_C_LANGUAGE_STANDARD = gnu11;
				GCC_NO_COMMON_BLOCKS = YES;
				GCC_WARN_64_TO_32_BIT_CONVERSION = YES;
				GCC_WARN_ABOUT_RETURN_TYPE = YES_ERROR;
				GCC_WARN_UNDECLARED_SELECTOR = YES;
				GCC_WARN_UNINITIALIZED_AUTOS = YES_AGGRESSIVE;
				GCC_WARN_UNUSED_FUNCTION = YES;
				GCC_WARN_UNUSED_VARIABLE = YES;
				IPHONEOS_DEPLOYMENT_TARGET = 13.6;
				MTL_ENABLE_DEBUG_INFO = NO;
				MTL_FAST_MATH = YES;
				SDKROOT = iphoneos;
				SWIFT_COMPILATION_MODE = wholemodule;
				SWIFT_OPTIMIZATION_LEVEL = "-O";
				VALIDATE_PRODUCT = YES;
			};
			name = Release;
		};
		2362F67224F0DB9A008DACD5 /* Debug */ = {
			isa = XCBuildConfiguration;
			buildSettings = {
				ASSETCATALOG_COMPILER_APPICON_NAME = AppIcon;
				CODE_SIGN_STYLE = Automatic;
				DEVELOPMENT_TEAM = 456T4LX972;
				INFOPLIST_FILE = Mappy/Info.plist;
				LD_RUNPATH_SEARCH_PATHS = (
					"$(inherited)",
					"@executable_path/Frameworks",
				);
				PRODUCT_BUNDLE_IDENTIFIER = com.gungorbasa.Mappy;
				PRODUCT_NAME = "$(TARGET_NAME)";
				SWIFT_VERSION = 5.0;
				TARGETED_DEVICE_FAMILY = "1,2";
			};
			name = Debug;
		};
		2362F67324F0DB9A008DACD5 /* Release */ = {
			isa = XCBuildConfiguration;
			buildSettings = {
				ASSETCATALOG_COMPILER_APPICON_NAME = AppIcon;
				CODE_SIGN_STYLE = Automatic;
				DEVELOPMENT_TEAM = 456T4LX972;
				INFOPLIST_FILE = Mappy/Info.plist;
				LD_RUNPATH_SEARCH_PATHS = (
					"$(inherited)",
					"@executable_path/Frameworks",
				);
				PRODUCT_BUNDLE_IDENTIFIER = com.gungorbasa.Mappy;
				PRODUCT_NAME = "$(TARGET_NAME)";
				SWIFT_VERSION = 5.0;
				TARGETED_DEVICE_FAMILY = "1,2";
			};
			name = Release;
		};
		2362F67524F0DB9A008DACD5 /* Debug */ = {
			isa = XCBuildConfiguration;
			buildSettings = {
				ALWAYS_EMBED_SWIFT_STANDARD_LIBRARIES = YES;
				BUNDLE_LOADER = "$(TEST_HOST)";
				CODE_SIGN_STYLE = Automatic;
				DEVELOPMENT_TEAM = 456T4LX972;
				INFOPLIST_FILE = MappyTests/Info.plist;
				IPHONEOS_DEPLOYMENT_TARGET = 13.6;
				LD_RUNPATH_SEARCH_PATHS = (
					"$(inherited)",
					"@executable_path/Frameworks",
					"@loader_path/Frameworks",
				);
				PRODUCT_BUNDLE_IDENTIFIER = com.gungorbasa.MappyTests;
				PRODUCT_NAME = "$(TARGET_NAME)";
				SWIFT_VERSION = 5.0;
				TARGETED_DEVICE_FAMILY = "1,2";
				TEST_HOST = "$(BUILT_PRODUCTS_DIR)/Mappy.app/Mappy";
			};
			name = Debug;
		};
		2362F67624F0DB9A008DACD5 /* Release */ = {
			isa = XCBuildConfiguration;
			buildSettings = {
				ALWAYS_EMBED_SWIFT_STANDARD_LIBRARIES = YES;
				BUNDLE_LOADER = "$(TEST_HOST)";
				CODE_SIGN_STYLE = Automatic;
				DEVELOPMENT_TEAM = 456T4LX972;
				INFOPLIST_FILE = MappyTests/Info.plist;
				IPHONEOS_DEPLOYMENT_TARGET = 13.6;
				LD_RUNPATH_SEARCH_PATHS = (
					"$(inherited)",
					"@executable_path/Frameworks",
					"@loader_path/Frameworks",
				);
				PRODUCT_BUNDLE_IDENTIFIER = com.gungorbasa.MappyTests;
				PRODUCT_NAME = "$(TARGET_NAME)";
				SWIFT_VERSION = 5.0;
				TARGETED_DEVICE_FAMILY = "1,2";
				TEST_HOST = "$(BUILT_PRODUCTS_DIR)/Mappy.app/Mappy";
			};
			name = Release;
		};
/* End XCBuildConfiguration section */

/* Begin XCConfigurationList section */
		2362F64D24F0DB94008DACD5 /* Build configuration list for PBXProject "Mappy" */ = {
			isa = XCConfigurationList;
			buildConfigurations = (
				2362F66F24F0DB9A008DACD5 /* Debug */,
				2362F67024F0DB9A008DACD5 /* Release */,
			);
			defaultConfigurationIsVisible = 0;
			defaultConfigurationName = Release;
		};
		2362F67124F0DB9A008DACD5 /* Build configuration list for PBXNativeTarget "Mappy" */ = {
			isa = XCConfigurationList;
			buildConfigurations = (
				2362F67224F0DB9A008DACD5 /* Debug */,
				2362F67324F0DB9A008DACD5 /* Release */,
			);
			defaultConfigurationIsVisible = 0;
			defaultConfigurationName = Release;
		};
		2362F67424F0DB9A008DACD5 /* Build configuration list for PBXNativeTarget "MappyTests" */ = {
			isa = XCConfigurationList;
			buildConfigurations = (
				2362F67524F0DB9A008DACD5 /* Debug */,
				2362F67624F0DB9A008DACD5 /* Release */,
			);
			defaultConfigurationIsVisible = 0;
			defaultConfigurationName = Release;
		};
/* End XCConfigurationList section */

/* Begin XCRemoteSwiftPackageReference section */
		2362F69124F10010008DACD5 /* XCRemoteSwiftPackageReference "Alamofire" */ = {
			isa = XCRemoteSwiftPackageReference;
			repositoryURL = "https://github.com/Alamofire/Alamofire";
			requirement = {
				kind = upToNextMajorVersion;
				minimumVersion = 5.2.2;
			};
		};
		237341B924F3E25C00DDEB36 /* XCRemoteSwiftPackageReference "Nuke" */ = {
			isa = XCRemoteSwiftPackageReference;
			repositoryURL = "https://github.com/kean/Nuke";
			requirement = {
				kind = upToNextMajorVersion;
				minimumVersion = 9.1.1;
			};
		};
/* End XCRemoteSwiftPackageReference section */

/* Begin XCSwiftPackageProductDependency section */
		2362F69224F10010008DACD5 /* Alamofire */ = {
			isa = XCSwiftPackageProductDependency;
			package = 2362F69124F10010008DACD5 /* XCRemoteSwiftPackageReference "Alamofire" */;
			productName = Alamofire;
		};
		237341BA24F3E25C00DDEB36 /* Nuke */ = {
			isa = XCSwiftPackageProductDependency;
			package = 237341B924F3E25C00DDEB36 /* XCRemoteSwiftPackageReference "Nuke" */;
			productName = Nuke;
		};
/* End XCSwiftPackageProductDependency section */
	};
	rootObject = 2362F64A24F0DB94008DACD5 /* Project object */;
}
